github.com/go-sql-driver/mysql v1.5.0 h1:ozyZYNQW3x3HtqT1jira07DN2PArx2v7/mN66gGcHOs=
github.com/go-sql-driver/mysql v1.5.0/go.mod h1:DCzpHaOWr8IXmIStZouvnhqoel9Qv2LBy8hT2VhHyBg=
github.com/nestoroprysk/TelegramBots v0.0.0-20210612194715-c3279e161e6b h1:nDJTUR8tNQaAhjaoMsUSXJTRfGM3vQeydN+SISQ7Ks4=
github.com/nestoroprysk/TelegramBots/util v0.0.0-20210403124032-1166406b1a4a h1:xAE02Mkd6q7nTIU4sgTMG+OTpnVYjKtag1ppJU9Q5hI=
github.com/nestoroprysk/TelegramBots/util v0.0.0-20210403124032-1166406b1a4a/go.mod h1:3ZlMWUaTt5MnGaHuIhIDm9aExDmWNBmluhZdZg0IiAE=
